
Microsoft Visual Studio Solution File, Format Version 12.00
# Visual Studio Version 17
VisualStudioVersion = 17.2.32505.173
MinimumVisualStudioVersion = 10.0.40219.1
Project("{FAE04EC0-301F-11D3-BF4B-00C04F79EFBC}") = "Figures", "Figures\Figures.csproj", "{E04733C7-007F-46B9-A42C-F712E7409966}"
EndProject
Global
	GlobalSection(SolutionConfigurationPlatforms) = preSolution
		App|Any CPU = App|Any CPU
		App|x86 = App|x86
		Debug|Any CPU = Debug|Any CPU
		Debug|x86 = Debug|x86
		Release|Any CPU = Release|Any CPU
		Release|x86 = Release|x86
	EndGlobalSection
	GlobalSection(ProjectConfigurationPlatforms) = postSolution
		{E04733C7-007F-46B9-A42C-F712E7409966}.App|Any CPU.ActiveCfg = App|Any CPU
		{E04733C7-007F-46B9-A42C-F712E7409966}.App|Any CPU.Build.0 = App|Any CPU
		{E04733C7-007F-46B9-A42C-F712E7409966}.App|x86.ActiveCfg = App|x86
		{E04733C7-007F-46B9-A42C-F712E7409966}.App|x86.Build.0 = App|x86
		{E04733C7-007F-46B9-A42C-F712E7409966}.Debug|Any CPU.ActiveCfg = Debug|Any CPU
		{E04733C7-007F-46B9-A42C-F712E7409966}.Debug|Any CPU.Build.0 = Debug|Any CPU
		{E04733C7-007F-46B9-A42C-F712E7409966}.Debug|x86.ActiveCfg = Debug|x86
		{E04733C7-007F-46B9-A42C-F712E7409966}.Debug|x86.Build.0 = Debug|x86
		{E04733C7-007F-46B9-A42C-F712E7409966}.Release|Any CPU.ActiveCfg = Release|Any CPU
		{E04733C7-007F-46B9-A42C-F712E7409966}.Release|Any CPU.Build.0 = Release|Any CPU
		{E04733C7-007F-46B9-A42C-F712E7409966}.Release|x86.ActiveCfg = Release|x86
		{E04733C7-007F-46B9-A42C-F712E7409966}.Release|x86.Build.0 = Release|x86
	EndGlobalSection
	GlobalSection(SolutionProperties) = preSolution
		HideSolutionNode = FALSE
	EndGlobalSection
	GlobalSection(ExtensibilityGlobals) = postSolution
		SolutionGuid = {2CBAD00C-2ED5-4338-A3CE-810C9A585FF6}
	EndGlobalSection
EndGlobal
